
Microsoft Visual Studio Solution File, Format Version 12.00
# Visual Studio Version 17
VisualStudioVersion = 17.3.32804.467
MinimumVisualStudioVersion = 10.0.40219.1
Project("{FAE04EC0-301F-11D3-BF4B-00C04F79EFBC}") = "TournamentPlanner", "TournamentPlanner\TournamentPlanner.csproj", "{F159F372-C55D-4E4B-83EE-32672BE0F340}"
EndProject
Global
	GlobalSection(SolutionConfigurationPlatforms) = preSolution
		Debug|Any CPU = Debug|Any CPU
		Release|Any CPU = Release|Any CPU
	EndGlobalSection
	GlobalSection(ProjectConfigurationPlatforms) = postSolution
		{F159F372-C55D-4E4B-83EE-32672BE0F340}.Debug|Any CPU.ActiveCfg = Debug|Any CPU
		{F159F372-C55D-4E4B-83EE-32672BE0F340}.Debug|Any CPU.Build.0 = Debug|Any CPU
		{F159F372-C55D-4E4B-83EE-32672BE0F340}.Release|Any CPU.ActiveCfg = Release|Any CPU
		{F159F372-C55D-4E4B-83EE-32672BE0F340}.Release|Any CPU.Build.0 = Release|Any CPU
	EndGlobalSection
	GlobalSection(SolutionProperties) = preSolution
		HideSolutionNode = FALSE
	EndGlobalSection
	GlobalSection(ExtensibilityGlobals) = postSolution
		SolutionGuid = {A3655CE3-D312-4478-A426-26B6870045A3}
	EndGlobalSection
EndGlobal
